
Microsoft Visual Studio Solution File, Format Version 12.00
# Visual Studio Version 17
VisualStudioVersion = 17.12.35707.178 d17.12
MinimumVisualStudioVersion = 10.0.40219.1
Project("{2150E333-8FDC-42A3-9474-1A3956D46DE8}") = "src", "src", "{BA8F686B-530A-448A-906A-49CC4D13084E}"
EndProject
Project("{2150E333-8FDC-42A3-9474-1A3956D46DE8}") = "test", "test", "{5701BF07-C4B3-4948-A8F4-3B5E14819FDF}"
EndProject
Project("{2150E333-8FDC-42A3-9474-1A3956D46DE8}") = "Domain", "Domain", "{086359F7-1C2B-4345-B331-510326829347}"
EndProject
Project("{2150E333-8FDC-42A3-9474-1A3956D46DE8}") = "Application", "Application", "{DD16BA9A-D71F-4C9B-B6CE-EB72E7716550}"
EndProject
Project("{2150E333-8FDC-42A3-9474-1A3956D46DE8}") = "Infrastructure", "Infrastructure", "{B751C703-B200-4B03-A63E-FB98BA6B3024}"
EndProject
Project("{FAE04EC0-301F-11D3-BF4B-00C04F79EFBC}") = "Domain", "src\Domain\Domain\Domain.csproj", "{37B51262-D840-48D1-9D1A-AA6095D1F491}"
EndProject
Project("{FAE04EC0-301F-11D3-BF4B-00C04F79EFBC}") = "Application", "src\Application\Application\Application.csproj", "{4379A3BA-8B62-45FB-8B48-8F05BA755F39}"
EndProject
Project("{FAE04EC0-301F-11D3-BF4B-00C04F79EFBC}") = "Infrastructure.Persistance", "src\Infrastructure\Infrastructure.Persistance\Infrastructure.Persistance.csproj", "{9CD71E5A-27FC-43DB-AFF3-7527D000C73D}"
EndProject
Project("{2150E333-8FDC-42A3-9474-1A3956D46DE8}") = "Application", "Application", "{E9718A56-971E-4763-9C74-7B769EDD325E}"
EndProject
Project("{2150E333-8FDC-42A3-9474-1A3956D46DE8}") = "Api", "Api", "{9674F82C-97AA-4D84-A44A-AA9E2DE77D92}"
EndProject
Project("{FAE04EC0-301F-11D3-BF4B-00C04F79EFBC}") = "Api", "src\Api\Api\Api.csproj", "{02EA2391-C520-434C-A5DA-18C591A34EBF}"
EndProject
Project("{2150E333-8FDC-42A3-9474-1A3956D46DE8}") = "Api", "Api", "{5974BC99-13FE-44D2-96A6-A49B45219280}"
EndProject
Project("{2150E333-8FDC-42A3-9474-1A3956D46DE8}") = "Infrastructure", "Infrastructure", "{5D1CCCE3-915B-403C-BE77-AF9A919412DC}"
EndProject
Project("{FAE04EC0-301F-11D3-BF4B-00C04F79EFBC}") = "Api.Test.Integration", "test\Api\Api.Test.Integration\Api.Test.Integration.csproj", "{EDC63A65-DDCF-4497-9B7E-899DD2CE399C}"
EndProject
Project("{FAE04EC0-301F-11D3-BF4B-00C04F79EFBC}") = "Application.Test.Unit", "test\Application\Application.Test.Unit\Application.Test.Unit.csproj", "{52B791B3-B0BC-4AA0-B169-6C04231AF86D}"
EndProject
Project("{FAE04EC0-301F-11D3-BF4B-00C04F79EFBC}") = "Infrastructure.Persistance.Test.Integration", "test\Infrastructure\Infrastructure.Persistance.Test.Integration\Infrastructure.Persistance.Test.Integration.csproj", "{D4AB2D8C-9BB6-4877-8009-41B26BAF7CC5}"
EndProject
Global
	GlobalSection(SolutionConfigurationPlatforms) = preSolution
		Debug|Any CPU = Debug|Any CPU
		Release|Any CPU = Release|Any CPU
	EndGlobalSection
	GlobalSection(ProjectConfigurationPlatforms) = postSolution
		{37B51262-D840-48D1-9D1A-AA6095D1F491}.Debug|Any CPU.ActiveCfg = Debug|Any CPU
		{37B51262-D840-48D1-9D1A-AA6095D1F491}.Debug|Any CPU.Build.0 = Debug|Any CPU
		{37B51262-D840-48D1-9D1A-AA6095D1F491}.Release|Any CPU.ActiveCfg = Release|Any CPU
		{37B51262-D840-48D1-9D1A-AA6095D1F491}.Release|Any CPU.Build.0 = Release|Any CPU
		{4379A3BA-8B62-45FB-8B48-8F05BA755F39}.Debug|Any CPU.ActiveCfg = Debug|Any CPU
		{4379A3BA-8B62-45FB-8B48-8F05BA755F39}.Debug|Any CPU.Build.0 = Debug|Any CPU
		{4379A3BA-8B62-45FB-8B48-8F05BA755F39}.Release|Any CPU.ActiveCfg = Release|Any CPU
		{4379A3BA-8B62-45FB-8B48-8F05BA755F39}.Release|Any CPU.Build.0 = Release|Any CPU
		{9CD71E5A-27FC-43DB-AFF3-7527D000C73D}.Debug|Any CPU.ActiveCfg = Debug|Any CPU
		{9CD71E5A-27FC-43DB-AFF3-7527D000C73D}.Debug|Any CPU.Build.0 = Debug|Any CPU
		{9CD71E5A-27FC-43DB-AFF3-7527D000C73D}.Release|Any CPU.ActiveCfg = Release|Any CPU
		{9CD71E5A-27FC-43DB-AFF3-7527D000C73D}.Release|Any CPU.Build.0 = Release|Any CPU
		{02EA2391-C520-434C-A5DA-18C591A34EBF}.Debug|Any CPU.ActiveCfg = Debug|Any CPU
		{02EA2391-C520-434C-A5DA-18C591A34EBF}.Debug|Any CPU.Build.0 = Debug|Any CPU
		{02EA2391-C520-434C-A5DA-18C591A34EBF}.Release|Any CPU.ActiveCfg = Release|Any CPU
		{02EA2391-C520-434C-A5DA-18C591A34EBF}.Release|Any CPU.Build.0 = Release|Any CPU
		{EDC63A65-DDCF-4497-9B7E-899DD2CE399C}.Debug|Any CPU.ActiveCfg = Debug|Any CPU
		{EDC63A65-DDCF-4497-9B7E-899DD2CE399C}.Debug|Any CPU.Build.0 = Debug|Any CPU
		{EDC63A65-DDCF-4497-9B7E-899DD2CE399C}.Release|Any CPU.ActiveCfg = Release|Any CPU
		{EDC63A65-DDCF-4497-9B7E-899DD2CE399C}.Release|Any CPU.Build.0 = Release|Any CPU
		{52B791B3-B0BC-4AA0-B169-6C04231AF86D}.Debug|Any CPU.ActiveCfg = Debug|Any CPU
		{52B791B3-B0BC-4AA0-B169-6C04231AF86D}.Debug|Any CPU.Build.0 = Debug|Any CPU
		{52B791B3-B0BC-4AA0-B169-6C04231AF86D}.Release|Any CPU.ActiveCfg = Release|Any CPU
		{52B791B3-B0BC-4AA0-B169-6C04231AF86D}.Release|Any CPU.Build.0 = Release|Any CPU
		{D4AB2D8C-9BB6-4877-8009-41B26BAF7CC5}.Debug|Any CPU.ActiveCfg = Debug|Any CPU
		{D4AB2D8C-9BB6-4877-8009-41B26BAF7CC5}.Debug|Any CPU.Build.0 = Debug|Any CPU
		{D4AB2D8C-9BB6-4877-8009-41B26BAF7CC5}.Release|Any CPU.ActiveCfg = Release|Any CPU
		{D4AB2D8C-9BB6-4877-8009-41B26BAF7CC5}.Release|Any CPU.Build.0 = Release|Any CPU
	EndGlobalSection
	GlobalSection(SolutionProperties) = preSolution
		HideSolutionNode = FALSE
	EndGlobalSection
	GlobalSection(NestedProjects) = preSolution
		{086359F7-1C2B-4345-B331-510326829347} = {BA8F686B-530A-448A-906A-49CC4D13084E}
		{DD16BA9A-D71F-4C9B-B6CE-EB72E7716550} = {BA8F686B-530A-448A-906A-49CC4D13084E}
		{B751C703-B200-4B03-A63E-FB98BA6B3024} = {BA8F686B-530A-448A-906A-49CC4D13084E}
		{37B51262-D840-48D1-9D1A-AA6095D1F491} = {086359F7-1C2B-4345-B331-510326829347}
		{4379A3BA-8B62-45FB-8B48-8F05BA755F39} = {DD16BA9A-D71F-4C9B-B6CE-EB72E7716550}
		{9CD71E5A-27FC-43DB-AFF3-7527D000C73D} = {B751C703-B200-4B03-A63E-FB98BA6B3024}
		{E9718A56-971E-4763-9C74-7B769EDD325E} = {5701BF07-C4B3-4948-A8F4-3B5E14819FDF}
		{9674F82C-97AA-4D84-A44A-AA9E2DE77D92} = {BA8F686B-530A-448A-906A-49CC4D13084E}
		{02EA2391-C520-434C-A5DA-18C591A34EBF} = {9674F82C-97AA-4D84-A44A-AA9E2DE77D92}
		{5974BC99-13FE-44D2-96A6-A49B45219280} = {5701BF07-C4B3-4948-A8F4-3B5E14819FDF}
		{5D1CCCE3-915B-403C-BE77-AF9A919412DC} = {5701BF07-C4B3-4948-A8F4-3B5E14819FDF}
		{EDC63A65-DDCF-4497-9B7E-899DD2CE399C} = {5974BC99-13FE-44D2-96A6-A49B45219280}
		{52B791B3-B0BC-4AA0-B169-6C04231AF86D} = {E9718A56-971E-4763-9C74-7B769EDD325E}
		{D4AB2D8C-9BB6-4877-8009-41B26BAF7CC5} = {5D1CCCE3-915B-403C-BE77-AF9A919412DC}
	EndGlobalSection
EndGlobal
